
Microsoft Visual Studio Solution File, Format Version 12.00
# Visual Studio Version 16
VisualStudioVersion = 16.0.31424.327
MinimumVisualStudioVersion = 10.0.40219.1
Project("{FAE04EC0-301F-11D3-BF4B-00C04F79EFBC}") = "HourGlass", "HourGlass.csproj", "{3A9890F7-2ED2-44AA-A751-91888A6EB8C3}"
EndProject
Project("{2150E333-8FDC-42A3-9474-1A3956D46DE8}") = "Solution Items", "Solution Items", "{92703D51-BF08-4436-BA63-B3DFA1BEB9D4}"
	ProjectSection(SolutionItems) = preProject
		TextFile1.txt = TextFile1.txt
	EndProjectSection
EndProject
Global
	GlobalSection(SolutionConfigurationPlatforms) = preSolution
		Debug|Any CPU = Debug|Any CPU
		Release|Any CPU = Release|Any CPU
	EndGlobalSection
	GlobalSection(ProjectConfigurationPlatforms) = postSolution
		{3A9890F7-2ED2-44AA-A751-91888A6EB8C3}.Debug|Any CPU.ActiveCfg = Debug|Any CPU
		{3A9890F7-2ED2-44AA-A751-91888A6EB8C3}.Debug|Any CPU.Build.0 = Debug|Any CPU
		{3A9890F7-2ED2-44AA-A751-91888A6EB8C3}.Release|Any CPU.ActiveCfg = Release|Any CPU
		{3A9890F7-2ED2-44AA-A751-91888A6EB8C3}.Release|Any CPU.Build.0 = Release|Any CPU
	EndGlobalSection
	GlobalSection(SolutionProperties) = preSolution
		HideSolutionNode = FALSE
	EndGlobalSection
	GlobalSection(ExtensibilityGlobals) = postSolution
		SolutionGuid = {936873BB-0847-4F5F-B7D1-006BA5A8A4BF}
	EndGlobalSection
EndGlobal
